{
  "name": "integer-to-ordinal-english",
  "version": "1.0.2",
  "lockfileVersion": 1,
  "requires": true,
  "dependencies": {
    "integer-to-cardinal-english": {
      "version": "1.0.1",
      "resolved": "https://registry.npmjs.org/integer-to-cardinal-english/-/integer-to-cardinal-english-1.0.1.tgz",
      "integrity": "sha512-h/9hQVdEhA/Y4OpEHqhKsvYPIsT2cY6ir6pJfw0VfHN7lyg7Kg4ZJTQUGsjbYV8fMAIgDiC+dKG70HY2Vw2YPw=="
    }
  }
}
